# THIS IS AN AUTOGENERATED FILE. DO NOT EDIT THIS FILE DIRECTLY.
# yarn lockfile v1


"@types/node@^17.0.14":
  version "17.0.14"
  resolved "https://registry.yarnpkg.com/@types/node/-/node-17.0.14.tgz#33b9b94f789a8fedd30a68efdbca4dbb06b61f20"
  integrity sha512-SbjLmERksKOGzWzPNuW7fJM7fk3YXVTFiZWB/Hs99gwhk+/dnrQRPBQjPW9aO+fi1tAffi9PrwFvsmOKmDTyng==

ebnf@^1.9.0:
  version "1.9.0"
  resolved "https://registry.yarnpkg.com/ebnf/-/ebnf-1.9.0.tgz#9c2dd6052f3ed43a69c1f0b07b15bd03cefda764"
  integrity sha512-LKK899+j758AgPq00ms+y90mo+2P86fMKUWD28sH0zLKUj7aL6iIH2wy4jejAMM9I2BawJ+2kp6C3mMXj+Ii5g==

i@^0.3.7:
  version "0.3.7"
  resolved "https://registry.yarnpkg.com/i/-/i-0.3.7.tgz#2a7437a923d59c14b17243dc63a549af24d85799"
  integrity sha512-FYz4wlXgkQwIPqhzC5TdNMLSE5+GS1IIDJZY/1ZiEPCT2S3COUVZeT5OW4BmW4r5LHLQuOosSwsvnroG9GR59Q==

typescript@^4.5.5:
  version "4.5.5"
  resolved "https://registry.yarnpkg.com/typescript/-/typescript-4.5.5.tgz#d8c953832d28924a9e3d37c73d729c846c5896f3"
  integrity sha512-TCTIul70LyWe6IJWT8QSYeA54WQe8EjQFU4wY52Fasj5UKx88LNYKCgBEHcOMOrFF1rKGbD8v/xcNWVUq9SymA==
